
Microsoft Visual Studio Solution File, Format Version 12.00
# Visual Studio 15
VisualStudioVersion = 15.0.28307.1585
MinimumVisualStudioVersion = 10.0.40219.1
Project("{F184B08F-C81C-45F6-A57F-5ABD9991F28F}") = "Update Items", "WindowsApp1\Update Items.vbproj", "{DFE40618-B261-4818-B5E9-3F567ACF475F}"
EndProject
Global
	GlobalSection(SolutionConfigurationPlatforms) = preSolution
		Debug|Any CPU = Debug|Any CPU
		Release|Any CPU = Release|Any CPU
	EndGlobalSection
	GlobalSection(ProjectConfigurationPlatforms) = postSolution
		{DFE40618-B261-4818-B5E9-3F567ACF475F}.Debug|Any CPU.ActiveCfg = Debug|Any CPU
		{DFE40618-B261-4818-B5E9-3F567ACF475F}.Debug|Any CPU.Build.0 = Debug|Any CPU
		{DFE40618-B261-4818-B5E9-3F567ACF475F}.Release|Any CPU.ActiveCfg = Release|Any CPU
		{DFE40618-B261-4818-B5E9-3F567ACF475F}.Release|Any CPU.Build.0 = Release|Any CPU
	EndGlobalSection
	GlobalSection(SolutionProperties) = preSolution
		HideSolutionNode = FALSE
	EndGlobalSection
	GlobalSection(ExtensibilityGlobals) = postSolution
		SolutionGuid = {B9C56ED5-8C35-4EBE-A496-FCBDE6720BEA}
	EndGlobalSection
EndGlobal
